
Microsoft Visual Studio Solution File, Format Version 12.00
# Visual Studio Version 18
VisualStudioVersion = 18.6.11723.189
MinimumVisualStudioVersion = 10.0.40219.1
Project("{FAE04EC0-301F-11D3-BF4B-00C04F79EFBC}") = "QuartermasterCore", "..\Tools\QuartermasterCore\QuartermasterCore.csproj", "{9544AC36-CF72-9B4B-DE18-402434795C63}"
EndProject
Project("{FAE04EC0-301F-11D3-BF4B-00C04F79EFBC}") = "Quartermaster.Web", "Web\Quartermaster.Web.csproj", "{990897AF-2CA3-F54A-77AE-1CE40F16365D}"
EndProject
Project("{FAE04EC0-301F-11D3-BF4B-00C04F79EFBC}") = "Quartermaster.App", "App\Quartermaster.App.csproj", "{0EEC8B50-4D0A-4A6E-8565-B6282BA0E249}"
EndProject
Global
	GlobalSection(SolutionConfigurationPlatforms) = preSolution
		Debug|Any CPU = Debug|Any CPU
		Debug|x64 = Debug|x64
		Debug|x86 = Debug|x86
		Release|Any CPU = Release|Any CPU
		Release|x64 = Release|x64
		Release|x86 = Release|x86
	EndGlobalSection
	GlobalSection(ProjectConfigurationPlatforms) = postSolution
		{9544AC36-CF72-9B4B-DE18-402434795C63}.Debug|Any CPU.ActiveCfg = Debug|Any CPU
		{9544AC36-CF72-9B4B-DE18-402434795C63}.Debug|Any CPU.Build.0 = Debug|Any CPU
		{9544AC36-CF72-9B4B-DE18-402434795C63}.Debug|x64.ActiveCfg = Debug|Any CPU
		{9544AC36-CF72-9B4B-DE18-402434795C63}.Debug|x64.Build.0 = Debug|Any CPU
		{9544AC36-CF72-9B4B-DE18-402434795C63}.Debug|x86.ActiveCfg = Debug|Any CPU
		{9544AC36-CF72-9B4B-DE18-402434795C63}.Debug|x86.Build.0 = Debug|Any CPU
		{9544AC36-CF72-9B4B-DE18-402434795C63}.Release|Any CPU.ActiveCfg = Release|Any CPU
		{9544AC36-CF72-9B4B-DE18-402434795C63}.Release|Any CPU.Build.0 = Release|Any CPU
		{9544AC36-CF72-9B4B-DE18-402434795C63}.Release|x64.ActiveCfg = Release|Any CPU
		{9544AC36-CF72-9B4B-DE18-402434795C63}.Release|x64.Build.0 = Release|Any CPU
		{9544AC36-CF72-9B4B-DE18-402434795C63}.Release|x86.ActiveCfg = Release|Any CPU
		{9544AC36-CF72-9B4B-DE18-402434795C63}.Release|x86.Build.0 = Release|Any CPU
		{990897AF-2CA3-F54A-77AE-1CE40F16365D}.Debug|Any CPU.ActiveCfg = Debug|Any CPU
		{990897AF-2CA3-F54A-77AE-1CE40F16365D}.Debug|Any CPU.Build.0 = Debug|Any CPU
		{990897AF-2CA3-F54A-77AE-1CE40F16365D}.Debug|x64.ActiveCfg = Debug|Any CPU
		{990897AF-2CA3-F54A-77AE-1CE40F16365D}.Debug|x64.Build.0 = Debug|Any CPU
		{990897AF-2CA3-F54A-77AE-1CE40F16365D}.Debug|x86.ActiveCfg = Debug|Any CPU
		{990897AF-2CA3-F54A-77AE-1CE40F16365D}.Debug|x86.Build.0 = Debug|Any CPU
		{990897AF-2CA3-F54A-77AE-1CE40F16365D}.Release|Any CPU.ActiveCfg = Release|Any CPU
		{990897AF-2CA3-F54A-77AE-1CE40F16365D}.Release|Any CPU.Build.0 = Release|Any CPU
		{990897AF-2CA3-F54A-77AE-1CE40F16365D}.Release|x64.ActiveCfg = Release|Any CPU
		{990897AF-2CA3-F54A-77AE-1CE40F16365D}.Release|x64.Build.0 = Release|Any CPU
		{990897AF-2CA3-F54A-77AE-1CE40F16365D}.Release|x86.ActiveCfg = Release|Any CPU
		{990897AF-2CA3-F54A-77AE-1CE40F16365D}.Release|x86.Build.0 = Release|Any CPU
		{0EEC8B50-4D0A-4A6E-8565-B6282BA0E249}.Debug|Any CPU.ActiveCfg = Debug|Any CPU
		{0EEC8B50-4D0A-4A6E-8565-B6282BA0E249}.Debug|Any CPU.Build.0 = Debug|Any CPU
		{0EEC8B50-4D0A-4A6E-8565-B6282BA0E249}.Debug|x64.ActiveCfg = Debug|Any CPU
		{0EEC8B50-4D0A-4A6E-8565-B6282BA0E249}.Debug|x64.Build.0 = Debug|Any CPU
		{0EEC8B50-4D0A-4A6E-8565-B6282BA0E249}.Debug|x86.ActiveCfg = Debug|Any CPU
		{0EEC8B50-4D0A-4A6E-8565-B6282BA0E249}.Debug|x86.Build.0 = Debug|Any CPU
		{0EEC8B50-4D0A-4A6E-8565-B6282BA0E249}.Release|Any CPU.ActiveCfg = Release|Any CPU
		{0EEC8B50-4D0A-4A6E-8565-B6282BA0E249}.Release|Any CPU.Build.0 = Release|Any CPU
		{0EEC8B50-4D0A-4A6E-8565-B6282BA0E249}.Release|x64.ActiveCfg = Release|Any CPU
		{0EEC8B50-4D0A-4A6E-8565-B6282BA0E249}.Release|x64.Build.0 = Release|Any CPU
		{0EEC8B50-4D0A-4A6E-8565-B6282BA0E249}.Release|x86.ActiveCfg = Release|Any CPU
		{0EEC8B50-4D0A-4A6E-8565-B6282BA0E249}.Release|x86.Build.0 = Release|Any CPU
	EndGlobalSection
	GlobalSection(SolutionProperties) = preSolution
		HideSolutionNode = FALSE
	EndGlobalSection
	GlobalSection(ExtensibilityGlobals) = postSolution
		SolutionGuid = {74F00592-E8D2-4E31-B074-DDF0C163E9C6}
	EndGlobalSection
EndGlobal
