
Microsoft Visual Studio Solution File, Format Version 12.00
# Visual Studio Version 18
VisualStudioVersion = 18.6.11723.189 insiders
MinimumVisualStudioVersion = 10.0.40219.1
Project("{FAE04EC0-301F-11D3-BF4B-00C04F79EFBC}") = "GUI", "GUI.csproj", "{990897AF-2CA3-F54A-77AE-1CE40F16365D}"
EndProject
Global
	GlobalSection(SolutionConfigurationPlatforms) = preSolution
		Debug|Any CPU = Debug|Any CPU
		Release|Any CPU = Release|Any CPU
	EndGlobalSection
	GlobalSection(ProjectConfigurationPlatforms) = postSolution
		{990897AF-2CA3-F54A-77AE-1CE40F16365D}.Debug|Any CPU.ActiveCfg = Debug|Any CPU
		{990897AF-2CA3-F54A-77AE-1CE40F16365D}.Debug|Any CPU.Build.0 = Debug|Any CPU
		{990897AF-2CA3-F54A-77AE-1CE40F16365D}.Release|Any CPU.ActiveCfg = Release|Any CPU
		{990897AF-2CA3-F54A-77AE-1CE40F16365D}.Release|Any CPU.Build.0 = Release|Any CPU
	EndGlobalSection
	GlobalSection(SolutionProperties) = preSolution
		HideSolutionNode = FALSE
	EndGlobalSection
	GlobalSection(ExtensibilityGlobals) = postSolution
		SolutionGuid = {74F00592-E8D2-4E31-B074-DDF0C163E9C6}
	EndGlobalSection
EndGlobal
